
Microsoft Visual Studio Solution File, Format Version 12.00
# Visual Studio 14
VisualStudioVersion = 14.0.25420.1
MinimumVisualStudioVersion = 10.0.40219.1
Project("{FAE04EC0-301F-11D3-BF4B-00C04F79EFBC}") = "BestCalc", "BestCalc\BestCalc.csproj", "{99D63659-D2F1-4E72-97DD-317A2028A058}"
EndProject
Project("{FAE04EC0-301F-11D3-BF4B-00C04F79EFBC}") = "ConsoleTest", "ConsoleTest\ConsoleTest.csproj", "{18ECC812-CA46-4DC6-85A6-6E87D770E517}"
EndProject
Project("{FAE04EC0-301F-11D3-BF4B-00C04F79EFBC}") = "ItUniverCalcCore", "ItUniverCalcCore\ItUniverCalcCore.csproj", "{503C7F0B-5AFA-49A5-B93D-E50D23632EF9}"
EndProject
Project("{FAE04EC0-301F-11D3-BF4B-00C04F79EFBC}") = "NewItUniverCalcCore", "NewItUniverCalcCore\NewItUniverCalcCore.csproj", "{7774EF53-5AAE-496C-828B-72A7EDE59820}"
EndProject
Global
	GlobalSection(SolutionConfigurationPlatforms) = preSolution
		Debug|Any CPU = Debug|Any CPU
		Release|Any CPU = Release|Any CPU
	EndGlobalSection
	GlobalSection(ProjectConfigurationPlatforms) = postSolution
		{99D63659-D2F1-4E72-97DD-317A2028A058}.Debug|Any CPU.ActiveCfg = Debug|Any CPU
		{99D63659-D2F1-4E72-97DD-317A2028A058}.Debug|Any CPU.Build.0 = Debug|Any CPU
		{99D63659-D2F1-4E72-97DD-317A2028A058}.Release|Any CPU.ActiveCfg = Release|Any CPU
		{99D63659-D2F1-4E72-97DD-317A2028A058}.Release|Any CPU.Build.0 = Release|Any CPU
		{18ECC812-CA46-4DC6-85A6-6E87D770E517}.Debug|Any CPU.ActiveCfg = Debug|Any CPU
		{18ECC812-CA46-4DC6-85A6-6E87D770E517}.Debug|Any CPU.Build.0 = Debug|Any CPU
		{18ECC812-CA46-4DC6-85A6-6E87D770E517}.Release|Any CPU.ActiveCfg = Release|Any CPU
		{18ECC812-CA46-4DC6-85A6-6E87D770E517}.Release|Any CPU.Build.0 = Release|Any CPU
		{503C7F0B-5AFA-49A5-B93D-E50D23632EF9}.Debug|Any CPU.ActiveCfg = Debug|Any CPU
		{503C7F0B-5AFA-49A5-B93D-E50D23632EF9}.Debug|Any CPU.Build.0 = Debug|Any CPU
		{503C7F0B-5AFA-49A5-B93D-E50D23632EF9}.Release|Any CPU.ActiveCfg = Release|Any CPU
		{503C7F0B-5AFA-49A5-B93D-E50D23632EF9}.Release|Any CPU.Build.0 = Release|Any CPU
		{7774EF53-5AAE-496C-828B-72A7EDE59820}.Debug|Any CPU.ActiveCfg = Debug|Any CPU
		{7774EF53-5AAE-496C-828B-72A7EDE59820}.Debug|Any CPU.Build.0 = Debug|Any CPU
		{7774EF53-5AAE-496C-828B-72A7EDE59820}.Release|Any CPU.ActiveCfg = Release|Any CPU
		{7774EF53-5AAE-496C-828B-72A7EDE59820}.Release|Any CPU.Build.0 = Release|Any CPU
	EndGlobalSection
	GlobalSection(SolutionProperties) = preSolution
		HideSolutionNode = FALSE
	EndGlobalSection
EndGlobal
